
Microsoft Visual Studio Solution File, Format Version 12.00
# Visual Studio Version 17
VisualStudioVersion = 17.2.32414.248
MinimumVisualStudioVersion = 10.0.40219.1
Project("{9A19103F-16F7-4668-BE54-9A1E7A4F7556}") = "StoreKeeper", "StoreKeeper\StoreKeeper.csproj", "{03AEE6BC-A6D1-432B-93EA-31A44DF638C6}"
EndProject
Project("{9A19103F-16F7-4668-BE54-9A1E7A4F7556}") = "StoreKeeper.Tests", "StoreKeeper.Tests\StoreKeeper.Tests.csproj", "{6534DE81-2E99-4C14-AF01-57F2A74B6919}"
EndProject
Project("{9A19103F-16F7-4668-BE54-9A1E7A4F7556}") = "StoreKeeper.CompilationTests", "StoreKeeper.CompilationTests\StoreKeeper.CompilationTests.csproj", "{CAD8D062-D878-485B-ACD6-AAE6034A2A5D}"
EndProject
Project("{2150E333-8FDC-42A3-9474-1A3956D46DE8}") = "Solution Items", "Solution Items", "{D09B8626-201D-4F9B-A2AD-6A39DA806CE4}"
	ProjectSection(SolutionItems) = preProject
		Directory.Build.props = Directory.Build.props
		Directory.Packages.props = Directory.Packages.props
		License.txt = License.txt
		nuget.config = nuget.config
		README.md = README.md
		stylecop.json = stylecop.json
	EndProjectSection
EndProject
Project("{FAE04EC0-301F-11D3-BF4B-00C04F79EFBC}") = "StoreKeeper.GenericHost", "StoreKeeper.GenericHost\StoreKeeper.GenericHost.csproj", "{9260FD05-A7C9-404A-89BA-5310C00998B5}"
EndProject
Global
	GlobalSection(SolutionConfigurationPlatforms) = preSolution
		Debug|Any CPU = Debug|Any CPU
		Release|Any CPU = Release|Any CPU
	EndGlobalSection
	GlobalSection(ProjectConfigurationPlatforms) = postSolution
		{03AEE6BC-A6D1-432B-93EA-31A44DF638C6}.Debug|Any CPU.ActiveCfg = Debug|Any CPU
		{03AEE6BC-A6D1-432B-93EA-31A44DF638C6}.Debug|Any CPU.Build.0 = Debug|Any CPU
		{03AEE6BC-A6D1-432B-93EA-31A44DF638C6}.Release|Any CPU.ActiveCfg = Release|Any CPU
		{03AEE6BC-A6D1-432B-93EA-31A44DF638C6}.Release|Any CPU.Build.0 = Release|Any CPU
		{6534DE81-2E99-4C14-AF01-57F2A74B6919}.Debug|Any CPU.ActiveCfg = Debug|Any CPU
		{6534DE81-2E99-4C14-AF01-57F2A74B6919}.Debug|Any CPU.Build.0 = Debug|Any CPU
		{6534DE81-2E99-4C14-AF01-57F2A74B6919}.Release|Any CPU.ActiveCfg = Release|Any CPU
		{6534DE81-2E99-4C14-AF01-57F2A74B6919}.Release|Any CPU.Build.0 = Release|Any CPU
		{CAD8D062-D878-485B-ACD6-AAE6034A2A5D}.Debug|Any CPU.ActiveCfg = Debug|Any CPU
		{CAD8D062-D878-485B-ACD6-AAE6034A2A5D}.Debug|Any CPU.Build.0 = Debug|Any CPU
		{CAD8D062-D878-485B-ACD6-AAE6034A2A5D}.Release|Any CPU.ActiveCfg = Release|Any CPU
		{CAD8D062-D878-485B-ACD6-AAE6034A2A5D}.Release|Any CPU.Build.0 = Release|Any CPU
		{9260FD05-A7C9-404A-89BA-5310C00998B5}.Debug|Any CPU.ActiveCfg = Debug|Any CPU
		{9260FD05-A7C9-404A-89BA-5310C00998B5}.Debug|Any CPU.Build.0 = Debug|Any CPU
		{9260FD05-A7C9-404A-89BA-5310C00998B5}.Release|Any CPU.ActiveCfg = Release|Any CPU
		{9260FD05-A7C9-404A-89BA-5310C00998B5}.Release|Any CPU.Build.0 = Release|Any CPU
	EndGlobalSection
	GlobalSection(SolutionProperties) = preSolution
		HideSolutionNode = FALSE
	EndGlobalSection
	GlobalSection(ExtensibilityGlobals) = postSolution
		SolutionGuid = {995BB85B-67E5-4500-9CD7-05C0D845FF59}
	EndGlobalSection
EndGlobal
